
Microsoft Visual Studio Solution File, Format Version 12.00
# Visual Studio Version 17
VisualStudioVersion = 17.11.35219.272
MinimumVisualStudioVersion = 10.0.40219.1
Project("{FAE04EC0-301F-11D3-BF4B-00C04F79EFBC}") = "WpfApp2", "WpfApp2.csproj", "{554865DF-B180-4B7B-81EA-5EDE9D0C556D}"
EndProject
Global
	GlobalSection(SolutionConfigurationPlatforms) = preSolution
		Debug|Any CPU = Debug|Any CPU
		Release|Any CPU = Release|Any CPU
	EndGlobalSection
	GlobalSection(ProjectConfigurationPlatforms) = postSolution
		{554865DF-B180-4B7B-81EA-5EDE9D0C556D}.Debug|Any CPU.ActiveCfg = Debug|Any CPU
		{554865DF-B180-4B7B-81EA-5EDE9D0C556D}.Debug|Any CPU.Build.0 = Debug|Any CPU
		{554865DF-B180-4B7B-81EA-5EDE9D0C556D}.Release|Any CPU.ActiveCfg = Release|Any CPU
		{554865DF-B180-4B7B-81EA-5EDE9D0C556D}.Release|Any CPU.Build.0 = Release|Any CPU
	EndGlobalSection
	GlobalSection(SolutionProperties) = preSolution
		HideSolutionNode = FALSE
	EndGlobalSection
	GlobalSection(ExtensibilityGlobals) = postSolution
		SolutionGuid = {15658A12-DCF3-494B-8E01-2BB91B12CDDB}
	EndGlobalSection
EndGlobal
